// !$*UTF8*$!
{
	archiveVersion = 1;
	classes = {
	};
	objectVersion = 50;
	objects = {

/* Begin PBXBuildFile section */
		28CBEFCF2360C5A8005A8AFC /* Player.swift in Sources */ = {isa = PBXBuildFile; fileRef = 28CBEFCE2360C5A8005A8AFC /* Player.swift */; };
		28CBEFD12360C7AF005A8AFC /* PlayerController.swift in Sources */ = {isa = PBXBuildFile; fileRef = 28CBEFD02360C7AF005A8AFC /* PlayerController.swift */; };
		28CBEFD32360C7C5005A8AFC /* Score.swift in Sources */ = {isa = PBXBuildFile; fileRef = 28CBEFD22360C7C5005A8AFC /* Score.swift */; };
		28CBEFD72360C82E005A8AFC /* ScoreController.swift in Sources */ = {isa = PBXBuildFile; fileRef = 28CBEFD62360C82E005A8AFC /* ScoreController.swift */; };
		35B5EC44240866E600F1200C /* UIDeviceExtension.swift in Sources */ = {isa = PBXBuildFile; fileRef = 35B5EC43240866E600F1200C /* UIDeviceExtension.swift */; };
		35B5EC462408763000F1200C /* ToolbarExtension.swift in Sources */ = {isa = PBXBuildFile; fileRef = 35B5EC452408763000F1200C /* ToolbarExtension.swift */; };
		35EF559A2360BDFB00649AE2 /* AppDelegate.swift in Sources */ = {isa = PBXBuildFile; fileRef = 35EF55992360BDFB00649AE2 /* AppDelegate.swift */; };
		35EF559F2360BDFB00649AE2 /* Main.storyboard in Resources */ = {isa = PBXBuildFile; fileRef = 35EF559D2360BDFB00649AE2 /* Main.storyboard */; };
		35EF55A12360BDFD00649AE2 /* Assets.xcassets in Resources */ = {isa = PBXBuildFile; fileRef = 35EF55A02360BDFD00649AE2 /* Assets.xcassets */; };
		35EF55A42360BDFD00649AE2 /* LaunchScreen.storyboard in Resources */ = {isa = PBXBuildFile; fileRef = 35EF55A22360BDFD00649AE2 /* LaunchScreen.storyboard */; };
		35EF55B22360D13000649AE2 /* Scoreboard.storyboard in Resources */ = {isa = PBXBuildFile; fileRef = 35EF55B02360D13000649AE2 /* Scoreboard.storyboard */; };
		35EF55B42360D14300649AE2 /* GameBoard.storyboard in Resources */ = {isa = PBXBuildFile; fileRef = 35EF55B32360D14300649AE2 /* GameBoard.storyboard */; };
		35EF55B62360D21100649AE2 /* HomeScreenViewController.swift in Sources */ = {isa = PBXBuildFile; fileRef = 35EF55B52360D21100649AE2 /* HomeScreenViewController.swift */; };
		35EF55B82360D24800649AE2 /* GameBoardViewController.swift in Sources */ = {isa = PBXBuildFile; fileRef = 35EF55B72360D24800649AE2 /* GameBoardViewController.swift */; };
		35EF55BA2360D29E00649AE2 /* ScoreboardTableViewController.swift in Sources */ = {isa = PBXBuildFile; fileRef = 35EF55B92360D29E00649AE2 /* ScoreboardTableViewController.swift */; };
		35EF55BE2360D33D00649AE2 /* DateExtension.swift in Sources */ = {isa = PBXBuildFile; fileRef = 35EF55BD2360D33D00649AE2 /* DateExtension.swift */; };
		35EF55C02360DD2200649AE2 /* TicTacToeButton.swift in Sources */ = {isa = PBXBuildFile; fileRef = 35EF55BF2360DD2200649AE2 /* TicTacToeButton.swift */; };
		35EF55C22360EAA700649AE2 /* ScoreBoardTableViewCell.swift in Sources */ = {isa = PBXBuildFile; fileRef = 35EF55C12360EAA700649AE2 /* ScoreBoardTableViewCell.swift */; };
/* End PBXBuildFile section */

/* Begin PBXFileReference section */
		28CBEFCE2360C5A8005A8AFC /* Player.swift */ = {isa = PBXFileReference; lastKnownFileType = sourcecode.swift; path = Player.swift; sourceTree = "<group>"; };
		28CBEFD02360C7AF005A8AFC /* PlayerController.swift */ = {isa = PBXFileReference; lastKnownFileType = sourcecode.swift; name = PlayerController.swift; path = "Chris/Model Controllers/PlayerController.swift"; sourceTree = SOURCE_ROOT; };
		28CBEFD22360C7C5005A8AFC /* Score.swift */ = {isa = PBXFileReference; lastKnownFileType = sourcecode.swift; path = Score.swift; sourceTree = "<group>"; };
		28CBEFD62360C82E005A8AFC /* ScoreController.swift */ = {isa = PBXFileReference; lastKnownFileType = sourcecode.swift; path = ScoreController.swift; sourceTree = "<group>"; };
		35B5EC43240866E600F1200C /* UIDeviceExtension.swift */ = {isa = PBXFileReference; lastKnownFileType = sourcecode.swift; path = UIDeviceExtension.swift; sourceTree = "<group>"; };
		35B5EC452408763000F1200C /* ToolbarExtension.swift */ = {isa = PBXFileReference; lastKnownFileType = sourcecode.swift; path = ToolbarExtension.swift; sourceTree = "<group>"; };
		35EF55962360BDFB00649AE2 /* Tic Tac Toe.app */ = {isa = PBXFileReference; explicitFileType = wrapper.application; includeInIndex = 0; path = "Tic Tac Toe.app"; sourceTree = BUILT_PRODUCTS_DIR; };
		35EF55992360BDFB00649AE2 /* AppDelegate.swift */ = {isa = PBXFileReference; lastKnownFileType = sourcecode.swift; path = AppDelegate.swift; sourceTree = "<group>"; };
		35EF559E2360BDFB00649AE2 /* Base */ = {isa = PBXFileReference; lastKnownFileType = file.storyboard; name = Base; path = Base.lproj/Main.storyboard; sourceTree = "<group>"; };
		35EF55A02360BDFD00649AE2 /* Assets.xcassets */ = {isa = PBXFileReference; lastKnownFileType = folder.assetcatalog; path = Assets.xcassets; sourceTree = "<group>"; };
		35EF55A32360BDFD00649AE2 /* Base */ = {isa = PBXFileReference; lastKnownFileType = file.storyboard; name = Base; path = Base.lproj/LaunchScreen.storyboard; sourceTree = "<group>"; };
		35EF55A52360BDFD00649AE2 /* Info.plist */ = {isa = PBXFileReference; lastKnownFileType = text.plist.xml; path = Info.plist; sourceTree = "<group>"; };
		35EF55B12360D13000649AE2 /* Base */ = {isa = PBXFileReference; lastKnownFileType = file.storyboard; name = Base; path = Chris/Storyboard/Base.lproj/Scoreboard.storyboard; sourceTree = "<group>"; };
		35EF55B32360D14300649AE2 /* GameBoard.storyboard */ = {isa = PBXFileReference; fileEncoding = 4; lastKnownFileType = file.storyboard; path = GameBoard.storyboard; sourceTree = "<group>"; };
		35EF55B52360D21100649AE2 /* HomeScreenViewController.swift */ = {isa = PBXFileReference; lastKnownFileType = sourcecode.swift; path = HomeScreenViewController.swift; sourceTree = "<group>"; };
		35EF55B72360D24800649AE2 /* GameBoardViewController.swift */ = {isa = PBXFileReference; lastKnownFileType = sourcecode.swift; path = GameBoardViewController.swift; sourceTree = "<group>"; };
		35EF55B92360D29E00649AE2 /* ScoreboardTableViewController.swift */ = {isa = PBXFileReference; lastKnownFileType = sourcecode.swift; path = ScoreboardTableViewController.swift; sourceTree = "<group>"; };
		35EF55BD2360D33D00649AE2 /* DateExtension.swift */ = {isa = PBXFileReference; fileEncoding = 4; lastKnownFileType = sourcecode.swift; path = DateExtension.swift; sourceTree = "<group>"; };
		35EF55BF2360DD2200649AE2 /* TicTacToeButton.swift */ = {isa = PBXFileReference; lastKnownFileType = sourcecode.swift; path = TicTacToeButton.swift; sourceTree = "<group>"; };
		35EF55C12360EAA700649AE2 /* ScoreBoardTableViewCell.swift */ = {isa = PBXFileReference; lastKnownFileType = sourcecode.swift; path = ScoreBoardTableViewCell.swift; sourceTree = "<group>"; };
/* End PBXFileReference section */

/* Begin PBXFrameworksBuildPhase section */
		35EF55932360BDFB00649AE2 /* Frameworks */ = {
			isa = PBXFrameworksBuildPhase;
			buildActionMask = 2147483647;
			files = (
			);
			runOnlyForDeploymentPostprocessing = 0;
		};
/* End PBXFrameworksBuildPhase section */

/* Begin PBXGroup section */
		35EF558D2360BDFB00649AE2 = {
			isa = PBXGroup;
			children = (
				35EF55982360BDFB00649AE2 /* Chris */,
				35EF55972360BDFB00649AE2 /* Products */,
			);
			sourceTree = "<group>";
		};
		35EF55972360BDFB00649AE2 /* Products */ = {
			isa = PBXGroup;
			children = (
				35EF55962360BDFB00649AE2 /* Tic Tac Toe.app */,
			);
			name = Products;
			sourceTree = "<group>";
		};
		35EF55982360BDFB00649AE2 /* Chris */ = {
			isa = PBXGroup;
			children = (
				35EF55AD2360BE2700649AE2 /* Models */,
				35EF55AE2360BE3300649AE2 /* Model Controllers */,
				35EF55AF2360BE4700649AE2 /* View Controllers */,
				35EF55AC2360BE1E00649AE2 /* Storyboard */,
				35EF55BB2360D30C00649AE2 /* Custom Views */,
				35EF55BC2360D31C00649AE2 /* Extensions */,
				35EF55AB2360BE0C00649AE2 /* Resources */,
			);
			path = Chris;
			sourceTree = "<group>";
		};
		35EF55AB2360BE0C00649AE2 /* Resources */ = {
			isa = PBXGroup;
			children = (
				35EF55992360BDFB00649AE2 /* AppDelegate.swift */,
				35EF55A02360BDFD00649AE2 /* Assets.xcassets */,
				35EF55A22360BDFD00649AE2 /* LaunchScreen.storyboard */,
				35EF55A52360BDFD00649AE2 /* Info.plist */,
			);
			path = Resources;
			sourceTree = "<group>";
		};
		35EF55AC2360BE1E00649AE2 /* Storyboard */ = {
			isa = PBXGroup;
			children = (
				35EF559D2360BDFB00649AE2 /* Main.storyboard */,
				35EF55B32360D14300649AE2 /* GameBoard.storyboard */,
				35EF55B02360D13000649AE2 /* Scoreboard.storyboard */,
			);
			path = Storyboard;
			sourceTree = "<group>";
		};
		35EF55AD2360BE2700649AE2 /* Models */ = {
			isa = PBXGroup;
			children = (
				28CBEFCE2360C5A8005A8AFC /* Player.swift */,
				28CBEFD22360C7C5005A8AFC /* Score.swift */,
			);
			path = Models;
			sourceTree = "<group>";
		};
		35EF55AE2360BE3300649AE2 /* Model Controllers */ = {
			isa = PBXGroup;
			children = (
				28CBEFD02360C7AF005A8AFC /* PlayerController.swift */,
				28CBEFD62360C82E005A8AFC /* ScoreController.swift */,
			);
			path = "Model Controllers";
			sourceTree = "<group>";
		};
		35EF55AF2360BE4700649AE2 /* View Controllers */ = {
			isa = PBXGroup;
			children = (
				35EF55B52360D21100649AE2 /* HomeScreenViewController.swift */,
				35EF55B72360D24800649AE2 /* GameBoardViewController.swift */,
				35EF55B92360D29E00649AE2 /* ScoreboardTableViewController.swift */,
			);
			path = "View Controllers";
			sourceTree = "<group>";
		};
		35EF55BB2360D30C00649AE2 /* Custom Views */ = {
			isa = PBXGroup;
			children = (
				35EF55BF2360DD2200649AE2 /* TicTacToeButton.swift */,
				35EF55C12360EAA700649AE2 /* ScoreBoardTableViewCell.swift */,
			);
			path = "Custom Views";
			sourceTree = "<group>";
		};
		35EF55BC2360D31C00649AE2 /* Extensions */ = {
			isa = PBXGroup;
			children = (
				35EF55BD2360D33D00649AE2 /* DateExtension.swift */,
				35B5EC452408763000F1200C /* ToolbarExtension.swift */,
				35B5EC43240866E600F1200C /* UIDeviceExtension.swift */,
			);
			path = Extensions;
			sourceTree = "<group>";
		};
/* End PBXGroup section */

/* Begin PBXNativeTarget section */
		35EF55952360BDFB00649AE2 /* Chris */ = {
			isa = PBXNativeTarget;
			buildConfigurationList = 35EF55A82360BDFD00649AE2 /* Build configuration list for PBXNativeTarget "Chris" */;
			buildPhases = (
				35EF55922360BDFB00649AE2 /* Sources */,
				35EF55932360BDFB00649AE2 /* Frameworks */,
				35EF55942360BDFB00649AE2 /* Resources */,
			);
			buildRules = (
			);
			dependencies = (
			);
			name = Chris;
			productName = Chris;
			productReference = 35EF55962360BDFB00649AE2 /* Tic Tac Toe.app */;
			productType = "com.apple.product-type.application";
		};
/* End PBXNativeTarget section */

/* Begin PBXProject section */
		35EF558E2360BDFB00649AE2 /* Project object */ = {
			isa = PBXProject;
			attributes = {
				LastSwiftUpdateCheck = 1010;
				LastUpgradeCheck = 1010;
				ORGANIZATIONNAME = "Squanto Inc";
				TargetAttributes = {
					35EF55952360BDFB00649AE2 = {
						CreatedOnToolsVersion = 10.1;
						LastSwiftMigration = 1110;
					};
				};
			};
			buildConfigurationList = 35EF55912360BDFB00649AE2 /* Build configuration list for PBXProject "Chris" */;
			compatibilityVersion = "Xcode 9.3";
			developmentRegion = en;
			hasScannedForEncodings = 0;
			knownRegions = (
				en,
				Base,
			);
			mainGroup = 35EF558D2360BDFB00649AE2;
			productRefGroup = 35EF55972360BDFB00649AE2 /* Products */;
			projectDirPath = "";
			projectRoot = "";
			targets = (
				35EF55952360BDFB00649AE2 /* Chris */,
			);
		};
/* End PBXProject section */

/* Begin PBXResourcesBuildPhase section */
		35EF55942360BDFB00649AE2 /* Resources */ = {
			isa = PBXResourcesBuildPhase;
			buildActionMask = 2147483647;
			files = (
				35EF55B22360D13000649AE2 /* Scoreboard.storyboard in Resources */,
				35EF55A42360BDFD00649AE2 /* LaunchScreen.storyboard in Resources */,
				35EF55A12360BDFD00649AE2 /* Assets.xcassets in Resources */,
				35EF55B42360D14300649AE2 /* GameBoard.storyboard in Resources */,
				35EF559F2360BDFB00649AE2 /* Main.storyboard in Resources */,
			);
			runOnlyForDeploymentPostprocessing = 0;
		};
/* End PBXResourcesBuildPhase section */

/* Begin PBXSourcesBuildPhase section */
		35EF55922360BDFB00649AE2 /* Sources */ = {
			isa = PBXSourcesBuildPhase;
			buildActionMask = 2147483647;
			files = (
				35B5EC462408763000F1200C /* ToolbarExtension.swift in Sources */,
				28CBEFD72360C82E005A8AFC /* ScoreController.swift in Sources */,
				28CBEFCF2360C5A8005A8AFC /* Player.swift in Sources */,
				35EF559A2360BDFB00649AE2 /* AppDelegate.swift in Sources */,
				35EF55BE2360D33D00649AE2 /* DateExtension.swift in Sources */,
				35EF55BA2360D29E00649AE2 /* ScoreboardTableViewController.swift in Sources */,
				35EF55B62360D21100649AE2 /* HomeScreenViewController.swift in Sources */,
				35EF55C22360EAA700649AE2 /* ScoreBoardTableViewCell.swift in Sources */,
				35EF55B82360D24800649AE2 /* GameBoardViewController.swift in Sources */,
				28CBEFD32360C7C5005A8AFC /* Score.swift in Sources */,
				35B5EC44240866E600F1200C /* UIDeviceExtension.swift in Sources */,
				35EF55C02360DD2200649AE2 /* TicTacToeButton.swift in Sources */,
				28CBEFD12360C7AF005A8AFC /* PlayerController.swift in Sources */,
			);
			runOnlyForDeploymentPostprocessing = 0;
		};
/* End PBXSourcesBuildPhase section */

/* Begin PBXVariantGroup section */
		35EF559D2360BDFB00649AE2 /* Main.storyboard */ = {
			isa = PBXVariantGroup;
			children = (
				35EF559E2360BDFB00649AE2 /* Base */,
			);
			name = Main.storyboard;
			sourceTree = "<group>";
		};
		35EF55A22360BDFD00649AE2 /* LaunchScreen.storyboard */ = {
			isa = PBXVariantGroup;
			children = (
				35EF55A32360BDFD00649AE2 /* Base */,
			);
			name = LaunchScreen.storyboard;
			sourceTree = "<group>";
		};
		35EF55B02360D13000649AE2 /* Scoreboard.storyboard */ = {
			isa = PBXVariantGroup;
			children = (
				35EF55B12360D13000649AE2 /* Base */,
			);
			name = Scoreboard.storyboard;
			sourceTree = "<group>";
		};
/* End PBXVariantGroup section */

/* Begin XCBuildConfiguration section */
		35EF55A62360BDFD00649AE2 /* Debug */ = {
			isa = XCBuildConfiguration;
			buildSettings = {
				ALWAYS_SEARCH_USER_PATHS = NO;
				CLANG_ANALYZER_NONNULL = YES;
				CLANG_ANALYZER_NUMBER_OBJECT_CONVERSION = YES_AGGRESSIVE;
				CLANG_CXX_LANGUAGE_STANDARD = "gnu++14";
				CLANG_CXX_LIBRARY = "libc++";
				CLANG_ENABLE_MODULES = YES;
				CLANG_ENABLE_OBJC_ARC = YES;
				CLANG_ENABLE_OBJC_WEAK = YES;
				CLANG_WARN_BLOCK_CAPTURE_AUTORELEASING = YES;
				CLANG_WARN_BOOL_CONVERSION = YES;
				CLANG_WARN_COMMA = YES;
				CLANG_WARN_CONSTANT_CONVERSION = YES;
				CLANG_WARN_DEPRECATED_OBJC_IMPLEMENTATIONS = YES;
				CLANG_WARN_DIRECT_OBJC_ISA_USAGE = YES_ERROR;
				CLANG_WARN_DOCUMENTATION_COMMENTS = YES;
				CLANG_WARN_EMPTY_BODY = YES;
				CLANG_WARN_ENUM_CONVERSION = YES;
				CLANG_WARN_INFINITE_RECURSION = YES;
				CLANG_WARN_INT_CONVERSION = YES;
				CLANG_WARN_NON_LITERAL_NULL_CONVERSION = YES;
				CLANG_WARN_OBJC_IMPLICIT_RETAIN_SELF = YES;
				CLANG_WARN_OBJC_LITERAL_CONVERSION = YES;
				CLANG_WARN_OBJC_ROOT_CLASS = YES_ERROR;
				CLANG_WARN_RANGE_LOOP_ANALYSIS = YES;
				CLANG_WARN_STRICT_PROTOTYPES = YES;
				CLANG_WARN_SUSPICIOUS_MOVE = YES;
				CLANG_WARN_UNGUARDED_AVAILABILITY = YES_AGGRESSIVE;
				CLANG_WARN_UNREACHABLE_CODE = YES;
				CLANG_WARN__DUPLICATE_METHOD_MATCH = YES;
				CODE_SIGN_IDENTITY = "iPhone Developer";
				COPY_PHASE_STRIP = NO;
				DEBUG_INFORMATION_FORMAT = dwarf;
				ENABLE_STRICT_OBJC_MSGSEND = YES;
				ENABLE_TESTABILITY = YES;
				GCC_C_LANGUAGE_STANDARD = gnu11;
				GCC_DYNAMIC_NO_PIC = NO;
				GCC_NO_COMMON_BLOCKS = YES;
				GCC_OPTIMIZATION_LEVEL = 0;
				GCC_PREPROCESSOR_DEFINITIONS = (
					"DEBUG=1",
					"$(inherited)",
				);
				GCC_WARN_64_TO_32_BIT_CONVERSION = YES;
				GCC_WARN_ABOUT_RETURN_TYPE = YES_ERROR;
				GCC_WARN_UNDECLARED_SELECTOR = YES;
				GCC_WARN_UNINITIALIZED_AUTOS = YES_AGGRESSIVE;
				GCC_WARN_UNUSED_FUNCTION = YES;
				GCC_WARN_UNUSED_VARIABLE = YES;
				IPHONEOS_DEPLOYMENT_TARGET = 12.1;
				MTL_ENABLE_DEBUG_INFO = INCLUDE_SOURCE;
				MTL_FAST_MATH = YES;
				ONLY_ACTIVE_ARCH = YES;
				SDKROOT = iphoneos;
				SWIFT_ACTIVE_COMPILATION_CONDITIONS = DEBUG;
				SWIFT_OPTIMIZATION_LEVEL = "-Onone";
			};
			name = Debug;
		};
		35EF55A72360BDFD00649AE2 /* Release */ = {
			isa = XCBuildConfiguration;
			buildSettings = {
				ALWAYS_SEARCH_USER_PATHS = NO;
				CLANG_ANALYZER_NONNULL = YES;
				CLANG_ANALYZER_NUMBER_OBJECT_CONVERSION = YES_AGGRESSIVE;
				CLANG_CXX_LANGUAGE_STANDARD = "gnu++14";
				CLANG_CXX_LIBRARY = "libc++";
				CLANG_ENABLE_MODULES = YES;
				CLANG_ENABLE_OBJC_ARC = YES;
				CLANG_ENABLE_OBJC_WEAK = YES;
				CLANG_WARN_BLOCK_CAPTURE_AUTORELEASING = YES;
				CLANG_WARN_BOOL_CONVERSION = YES;
				CLANG_WARN_COMMA = YES;
				CLANG_WARN_CONSTANT_CONVERSION = YES;
				CLANG_WARN_DEPRECATED_OBJC_IMPLEMENTATIONS = YES;
				CLANG_WARN_DIRECT_OBJC_ISA_USAGE = YES_ERROR;
				CLANG_WARN_DOCUMENTATION_COMMENTS = YES;
				CLANG_WARN_EMPTY_BODY = YES;
				CLANG_WARN_ENUM_CONVERSION = YES;
				CLANG_WARN_INFINITE_RECURSION = YES;
				CLANG_WARN_INT_CONVERSION = YES;
				CLANG_WARN_NON_LITERAL_NULL_CONVERSION = YES;
				CLANG_WARN_OBJC_IMPLICIT_RETAIN_SELF = YES;
				CLANG_WARN_OBJC_LITERAL_CONVERSION = YES;
				CLANG_WARN_OBJC_ROOT_CLASS = YES_ERROR;
				CLANG_WARN_RANGE_LOOP_ANALYSIS = YES;
				CLANG_WARN_STRICT_PROTOTYPES = YES;
				CLANG_WARN_SUSPICIOUS_MOVE = YES;
				CLANG_WARN_UNGUARDED_AVAILABILITY = YES_AGGRESSIVE;
				CLANG_WARN_UNREACHABLE_CODE = YES;
				CLANG_WARN__DUPLICATE_METHOD_MATCH = YES;
				CODE_SIGN_IDENTITY = "iPhone Developer";
				COPY_PHASE_STRIP = NO;
				DEBUG_INFORMATION_FORMAT = "dwarf-with-dsym";
				ENABLE_NS_ASSERTIONS = NO;
				ENABLE_STRICT_OBJC_MSGSEND = YES;
				GCC_C_LANGUAGE_STANDARD = gnu11;
				GCC_NO_COMMON_BLOCKS = YES;
				GCC_WARN_64_TO_32_BIT_CONVERSION = YES;
				GCC_WARN_ABOUT_RETURN_TYPE = YES_ERROR;
				GCC_WARN_UNDECLARED_SELECTOR = YES;
				GCC_WARN_UNINITIALIZED_AUTOS = YES_AGGRESSIVE;
				GCC_WARN_UNUSED_FUNCTION = YES;
				GCC_WARN_UNUSED_VARIABLE = YES;
				IPHONEOS_DEPLOYMENT_TARGET = 12.1;
				MTL_ENABLE_DEBUG_INFO = NO;
				MTL_FAST_MATH = YES;
				SDKROOT = iphoneos;
				SWIFT_COMPILATION_MODE = wholemodule;
				SWIFT_OPTIMIZATION_LEVEL = "-O";
				VALIDATE_PRODUCT = YES;
			};
			name = Release;
		};
		35EF55A92360BDFD00649AE2 /* Debug */ = {
			isa = XCBuildConfiguration;
			buildSettings = {
				ASSETCATALOG_COMPILER_APPICON_NAME = AppIcon;
				CODE_SIGN_STYLE = Automatic;
				DEVELOPMENT_TEAM = EANQJ7L949;
				INFOPLIST_FILE = "$(SRCROOT)/Chris/Resources/Info.plist";
				IPHONEOS_DEPLOYMENT_TARGET = 12.1;
				LD_RUNPATH_SEARCH_PATHS = (
					"$(inherited)",
					"@executable_path/Frameworks",
				);
				PRODUCT_BUNDLE_IDENTIFIER = com.squantoinc.Chris;
				PRODUCT_NAME = "Tic Tac Toe";
				SWIFT_VERSION = 5.0;
				TARGETED_DEVICE_FAMILY = "1,2";
			};
			name = Debug;
		};
		35EF55AA2360BDFD00649AE2 /* Release */ = {
			isa = XCBuildConfiguration;
			buildSettings = {
				ASSETCATALOG_COMPILER_APPICON_NAME = AppIcon;
				CODE_SIGN_STYLE = Automatic;
				DEVELOPMENT_TEAM = EANQJ7L949;
				INFOPLIST_FILE = "$(SRCROOT)/Chris/Resources/Info.plist";
				IPHONEOS_DEPLOYMENT_TARGET = 12.1;
				LD_RUNPATH_SEARCH_PATHS = (
					"$(inherited)",
					"@executable_path/Frameworks",
				);
				PRODUCT_BUNDLE_IDENTIFIER = com.squantoinc.Chris;
				PRODUCT_NAME = "Tic Tac Toe";
				SWIFT_VERSION = 5.0;
				TARGETED_DEVICE_FAMILY = "1,2";
			};
			name = Release;
		};
/* End XCBuildConfiguration section */

/* Begin XCConfigurationList section */
		35EF55912360BDFB00649AE2 /* Build configuration list for PBXProject "Chris" */ = {
			isa = XCConfigurationList;
			buildConfigurations = (
				35EF55A62360BDFD00649AE2 /* Debug */,
				35EF55A72360BDFD00649AE2 /* Release */,
			);
			defaultConfigurationIsVisible = 0;
			defaultConfigurationName = Release;
		};
		35EF55A82360BDFD00649AE2 /* Build configuration list for PBXNativeTarget "Chris" */ = {
			isa = XCConfigurationList;
			buildConfigurations = (
				35EF55A92360BDFD00649AE2 /* Debug */,
				35EF55AA2360BDFD00649AE2 /* Release */,
			);
			defaultConfigurationIsVisible = 0;
			defaultConfigurationName = Release;
		};
/* End XCConfigurationList section */
	};
	rootObject = 35EF558E2360BDFB00649AE2 /* Project object */;
}
